PODS:
  - FlutterMacOS (1.0.0)
  - resonance_dsp (0.0.1):
    - FlutterMacOS

DEPENDENCIES:
  - FlutterMacOS (from `Flutter/ephemeral`)
  - resonance_dsp (from `Flutter/ephemeral/.symlinks/plugins/resonance_dsp/macos`)

EXTERNAL SOURCES:
  FlutterMacOS:
    :path: Flutter/ephemeral
  resonance_dsp:
    :path: Flutter/ephemeral/.symlinks/plugins/resonance_dsp/macos

SPEC CHECKSUMS:
  FlutterMacOS: c232990155153907050900a2e175c7773903ba4e
  resonance_dsp: ec58f4dda7a2109d5c324842e7db28cf0edcff6c

PODFILE CHECKSUM: 1e95c36afbfd1cb6423ceca4de7a8e1b256fb6ac

COCOAPODS: 1.16.2
