PODS:
  - Flutter (1.0.0)
  - resonance_dsp (0.0.1):
    - Flutter

DEPENDENCIES:
  - Flutter (from `Flutter`)
  - resonance_dsp (from `.symlinks/plugins/resonance_dsp/ios`)

EXTERNAL SOURCES:
  Flutter:
    :path: Flutter
  resonance_dsp:
    :path: ".symlinks/plugins/resonance_dsp/ios"

SPEC CHECKSUMS:
  Flutter: 71a624a5bc0c04062bf19101d501e466baf2fb47
  resonance_dsp: cabc40d820fb1a25a51a0d869b25cf59e8cce60c

PODFILE CHECKSUM: 3ba3a73b1b12adcf321a227a745625fe0888cc82

COCOAPODS: 1.16.2
